
Microsoft Visual Studio Solution File, Format Version 12.00
# Visual Studio Version 16
VisualStudioVersion = 16.0.30406.217
MinimumVisualStudioVersion = 15.0.26124.0
Project("{2150E333-8FDC-42A3-9474-1A3956D46DE8}") = "Web", "Web", "{A67FB158-6B1D-405C-A0CC-0DA1B81115E7}"
EndProject
Project("{FAE04EC0-301F-11D3-BF4B-00C04F79EFBC}") = "Chat.Web", "Web\Chat.Web\Chat.Web.csproj", "{5ECB08F5-D711-4751-AB55-B5F677EE18A5}"
EndProject
Global
	GlobalSection(SolutionConfigurationPlatforms) = preSolution
		Debug|Any CPU = Debug|Any CPU
		Debug|x64 = Debug|x64
		Debug|x86 = Debug|x86
		Release|Any CPU = Release|Any CPU
		Release|x64 = Release|x64
		Release|x86 = Release|x86
	EndGlobalSection
	GlobalSection(ProjectConfigurationPlatforms) = postSolution
		{5ECB08F5-D711-4751-AB55-B5F677EE18A5}.Debug|Any CPU.ActiveCfg = Debug|Any CPU
		{5ECB08F5-D711-4751-AB55-B5F677EE18A5}.Debug|Any CPU.Build.0 = Debug|Any CPU
		{5ECB08F5-D711-4751-AB55-B5F677EE18A5}.Debug|x64.ActiveCfg = Debug|Any CPU
		{5ECB08F5-D711-4751-AB55-B5F677EE18A5}.Debug|x64.Build.0 = Debug|Any CPU
		{5ECB08F5-D711-4751-AB55-B5F677EE18A5}.Debug|x86.ActiveCfg = Debug|Any CPU
		{5ECB08F5-D711-4751-AB55-B5F677EE18A5}.Debug|x86.Build.0 = Debug|Any CPU
		{5ECB08F5-D711-4751-AB55-B5F677EE18A5}.Release|Any CPU.ActiveCfg = Release|Any CPU
		{5ECB08F5-D711-4751-AB55-B5F677EE18A5}.Release|Any CPU.Build.0 = Release|Any CPU
		{5ECB08F5-D711-4751-AB55-B5F677EE18A5}.Release|x64.ActiveCfg = Release|Any CPU
		{5ECB08F5-D711-4751-AB55-B5F677EE18A5}.Release|x64.Build.0 = Release|Any CPU
		{5ECB08F5-D711-4751-AB55-B5F677EE18A5}.Release|x86.ActiveCfg = Release|Any CPU
		{5ECB08F5-D711-4751-AB55-B5F677EE18A5}.Release|x86.Build.0 = Release|Any CPU
	EndGlobalSection
	GlobalSection(SolutionProperties) = preSolution
		HideSolutionNode = FALSE
	EndGlobalSection
	GlobalSection(NestedProjects) = preSolution
		{5ECB08F5-D711-4751-AB55-B5F677EE18A5} = {A67FB158-6B1D-405C-A0CC-0DA1B81115E7}
	EndGlobalSection
	GlobalSection(ExtensibilityGlobals) = postSolution
		SolutionGuid = {1673B9EC-6FD7-4C82-8969-BC928F1CB454}
	EndGlobalSection
EndGlobal
